
Microsoft Visual Studio Solution File, Format Version 12.00
# Visual Studio Version 17
VisualStudioVersion = 17.2.32616.157
MinimumVisualStudioVersion = 10.0.40219.1
Project("{FAE04EC0-301F-11D3-BF4B-00C04F79EFBC}") = "2-criando variaveis", "2-criando variaveis.csproj", "{9D59B913-E56D-42F3-AA91-091250E01154}"
EndProject
Project("{FAE04EC0-301F-11D3-BF4B-00C04F79EFBC}") = "3- variaveis ponto flutuante", "..\3- variaveis ponto flutuante\3- variaveis ponto flutuante.csproj", "{139123B0-4FAE-4F96-B7DC-4EFB12F292F9}"
EndProject
Project("{FAE04EC0-301F-11D3-BF4B-00C04F79EFBC}") = "4- conversões e outros tipos", "..\4- conversões e outros tipos\4- conversões e outros tipos.csproj", "{B7C161FF-6171-44BF-87C7-F58D31AC8C60}"
EndProject
Global
	GlobalSection(SolutionConfigurationPlatforms) = preSolution
		Debug|Any CPU = Debug|Any CPU
		Release|Any CPU = Release|Any CPU
	EndGlobalSection
	GlobalSection(ProjectConfigurationPlatforms) = postSolution
		{9D59B913-E56D-42F3-AA91-091250E01154}.Debug|Any CPU.ActiveCfg = Debug|Any CPU
		{9D59B913-E56D-42F3-AA91-091250E01154}.Debug|Any CPU.Build.0 = Debug|Any CPU
		{9D59B913-E56D-42F3-AA91-091250E01154}.Release|Any CPU.ActiveCfg = Release|Any CPU
		{9D59B913-E56D-42F3-AA91-091250E01154}.Release|Any CPU.Build.0 = Release|Any CPU
		{139123B0-4FAE-4F96-B7DC-4EFB12F292F9}.Debug|Any CPU.ActiveCfg = Debug|Any CPU
		{139123B0-4FAE-4F96-B7DC-4EFB12F292F9}.Debug|Any CPU.Build.0 = Debug|Any CPU
		{139123B0-4FAE-4F96-B7DC-4EFB12F292F9}.Release|Any CPU.ActiveCfg = Release|Any CPU
		{139123B0-4FAE-4F96-B7DC-4EFB12F292F9}.Release|Any CPU.Build.0 = Release|Any CPU
		{B7C161FF-6171-44BF-87C7-F58D31AC8C60}.Debug|Any CPU.ActiveCfg = Debug|Any CPU
		{B7C161FF-6171-44BF-87C7-F58D31AC8C60}.Debug|Any CPU.Build.0 = Debug|Any CPU
		{B7C161FF-6171-44BF-87C7-F58D31AC8C60}.Release|Any CPU.ActiveCfg = Release|Any CPU
		{B7C161FF-6171-44BF-87C7-F58D31AC8C60}.Release|Any CPU.Build.0 = Release|Any CPU
	EndGlobalSection
	GlobalSection(SolutionProperties) = preSolution
		HideSolutionNode = FALSE
	EndGlobalSection
	GlobalSection(ExtensibilityGlobals) = postSolution
		SolutionGuid = {0A9C5C90-DA11-40C1-A58A-5CDA5F8B68CE}
	EndGlobalSection
EndGlobal
